
Microsoft Visual Studio Solution File, Format Version 12.00
# Visual Studio Version 17
VisualStudioVersion = 17.11.35222.181
MinimumVisualStudioVersion = 10.0.40219.1
Project("{FAE04EC0-301F-11D3-BF4B-00C04F79EFBC}") = "KettlePlugin", "KettlePlugin\KettlePlugin.csproj", "{A4D8D68C-5394-4F2A-9468-D67164AE8143}"
	ProjectSection(ProjectDependencies) = postProject
		{7E683C07-432A-4290-B52E-415C5852BA88} = {7E683C07-432A-4290-B52E-415C5852BA88}
	EndProjectSection
EndProject
Project("{FAE04EC0-301F-11D3-BF4B-00C04F79EFBC}") = "Builder", "Builder\Builder.csproj", "{12605EDC-5189-46F0-8CCE-123F0EEAA015}"
EndProject
Project("{FAE04EC0-301F-11D3-BF4B-00C04F79EFBC}") = "Kompas", "Kompas\Kompas.csproj", "{7E683C07-432A-4290-B52E-415C5852BA88}"
EndProject
Project("{FAE04EC0-301F-11D3-BF4B-00C04F79EFBC}") = "Model", "Model\Model.csproj", "{A32800E4-A8BF-487D-BAC2-ACBD485A93DC}"
EndProject
Project("{FAE04EC0-301F-11D3-BF4B-00C04F79EFBC}") = "UnitTest", "UnitTest\UnitTest.csproj", "{06D53D9F-2923-492D-BCEA-2C8DC22E46F3}"
EndProject
Global
	GlobalSection(SolutionConfigurationPlatforms) = preSolution
		Debug|Any CPU = Debug|Any CPU
		Release|Any CPU = Release|Any CPU
	EndGlobalSection
	GlobalSection(ProjectConfigurationPlatforms) = postSolution
		{A4D8D68C-5394-4F2A-9468-D67164AE8143}.Debug|Any CPU.ActiveCfg = Debug|Any CPU
		{A4D8D68C-5394-4F2A-9468-D67164AE8143}.Debug|Any CPU.Build.0 = Debug|Any CPU
		{A4D8D68C-5394-4F2A-9468-D67164AE8143}.Release|Any CPU.ActiveCfg = Release|Any CPU
		{A4D8D68C-5394-4F2A-9468-D67164AE8143}.Release|Any CPU.Build.0 = Release|Any CPU
		{12605EDC-5189-46F0-8CCE-123F0EEAA015}.Debug|Any CPU.ActiveCfg = Debug|Any CPU
		{12605EDC-5189-46F0-8CCE-123F0EEAA015}.Debug|Any CPU.Build.0 = Debug|Any CPU
		{12605EDC-5189-46F0-8CCE-123F0EEAA015}.Release|Any CPU.ActiveCfg = Release|Any CPU
		{12605EDC-5189-46F0-8CCE-123F0EEAA015}.Release|Any CPU.Build.0 = Release|Any CPU
		{7E683C07-432A-4290-B52E-415C5852BA88}.Debug|Any CPU.ActiveCfg = Debug|Any CPU
		{7E683C07-432A-4290-B52E-415C5852BA88}.Debug|Any CPU.Build.0 = Debug|Any CPU
		{7E683C07-432A-4290-B52E-415C5852BA88}.Release|Any CPU.ActiveCfg = Release|Any CPU
		{7E683C07-432A-4290-B52E-415C5852BA88}.Release|Any CPU.Build.0 = Release|Any CPU
		{A32800E4-A8BF-487D-BAC2-ACBD485A93DC}.Debug|Any CPU.ActiveCfg = Debug|Any CPU
		{A32800E4-A8BF-487D-BAC2-ACBD485A93DC}.Debug|Any CPU.Build.0 = Debug|Any CPU
		{A32800E4-A8BF-487D-BAC2-ACBD485A93DC}.Release|Any CPU.ActiveCfg = Release|Any CPU
		{A32800E4-A8BF-487D-BAC2-ACBD485A93DC}.Release|Any CPU.Build.0 = Release|Any CPU
		{06D53D9F-2923-492D-BCEA-2C8DC22E46F3}.Debug|Any CPU.ActiveCfg = Debug|Any CPU
		{06D53D9F-2923-492D-BCEA-2C8DC22E46F3}.Debug|Any CPU.Build.0 = Debug|Any CPU
		{06D53D9F-2923-492D-BCEA-2C8DC22E46F3}.Release|Any CPU.ActiveCfg = Release|Any CPU
		{06D53D9F-2923-492D-BCEA-2C8DC22E46F3}.Release|Any CPU.Build.0 = Release|Any CPU
	EndGlobalSection
	GlobalSection(SolutionProperties) = preSolution
		HideSolutionNode = FALSE
	EndGlobalSection
	GlobalSection(ExtensibilityGlobals) = postSolution
		SolutionGuid = {24268380-5845-477F-BB80-77265475B3ED}
	EndGlobalSection
EndGlobal
